
Microsoft Visual Studio Solution File, Format Version 12.00
# Visual Studio Version 16
VisualStudioVersion = 16.0.30621.155
MinimumVisualStudioVersion = 10.0.40219.1
Project("{8BC9CEB8-8B4A-11D0-8D11-00A0C91BC942}") = "WillThisWork", "WillThisWork\WillThisWork.vcxproj", "{814FB447-C677-4B41-984A-152D02A1A19F}"
EndProject
Global
	GlobalSection(SolutionConfigurationPlatforms) = preSolution
		Debug|x64 = Debug|x64
		Debug|x86 = Debug|x86
		Release|x64 = Release|x64
		Release|x86 = Release|x86
	EndGlobalSection
	GlobalSection(ProjectConfigurationPlatforms) = postSolution
		{814FB447-C677-4B41-984A-152D02A1A19F}.Debug|x64.ActiveCfg = Debug|x64
		{814FB447-C677-4B41-984A-152D02A1A19F}.Debug|x64.Build.0 = Debug|x64
		{814FB447-C677-4B41-984A-152D02A1A19F}.Debug|x86.ActiveCfg = Debug|Win32
		{814FB447-C677-4B41-984A-152D02A1A19F}.Debug|x86.Build.0 = Debug|Win32
		{814FB447-C677-4B41-984A-152D02A1A19F}.Release|x64.ActiveCfg = Release|x64
		{814FB447-C677-4B41-984A-152D02A1A19F}.Release|x64.Build.0 = Release|x64
		{814FB447-C677-4B41-984A-152D02A1A19F}.Release|x86.ActiveCfg = Release|Win32
		{814FB447-C677-4B41-984A-152D02A1A19F}.Release|x86.Build.0 = Release|Win32
	EndGlobalSection
	GlobalSection(SolutionProperties) = preSolution
		HideSolutionNode = FALSE
	EndGlobalSection
	GlobalSection(ExtensibilityGlobals) = postSolution
		SolutionGuid = {81C7A42F-F3D1-463A-BB81-7F0A82165FA8}
	EndGlobalSection
EndGlobal
